
Microsoft Visual Studio Solution File, Format Version 12.00
# Visual Studio 2012
Project("{2150E333-8FDC-42A3-9474-1A3956D46DE8}") = "Solution Items", "Solution Items", "{734D0382-E458-41E8-9D4C-D236A3ABBD23}"
	ProjectSection(SolutionItems) = preProject
		FeedsMain.html = FeedsMain.html
		Magic.js = Magic.js
		mock-up.JPG = mock-up.JPG
		Style.css = Style.css
		TextFile1.txt = TextFile1.txt
	EndProjectSection
EndProject
Global
	GlobalSection(SolutionProperties) = preSolution
		HideSolutionNode = FALSE
	EndGlobalSection
EndGlobal
